
Microsoft Visual Studio Solution File, Format Version 12.00
# Visual Studio Version 16
VisualStudioVersion = 16.0.31624.102
MinimumVisualStudioVersion = 10.0.40219.1
Project("{FAE04EC0-301F-11D3-BF4B-00C04F79EFBC}") = "xlmlight", "xlmlight\xlmlight.csproj", "{E5E5AD5C-71F8-4545-8FD9-E90112BFC5D5}"
EndProject
Global
	GlobalSection(SolutionConfigurationPlatforms) = preSolution
		Debug|Any CPU = Debug|Any CPU
		Release|Any CPU = Release|Any CPU
	EndGlobalSection
	GlobalSection(ProjectConfigurationPlatforms) = postSolution
		{E5E5AD5C-71F8-4545-8FD9-E90112BFC5D5}.Debug|Any CPU.ActiveCfg = Debug|Any CPU
		{E5E5AD5C-71F8-4545-8FD9-E90112BFC5D5}.Debug|Any CPU.Build.0 = Debug|Any CPU
		{E5E5AD5C-71F8-4545-8FD9-E90112BFC5D5}.Release|Any CPU.ActiveCfg = Release|Any CPU
		{E5E5AD5C-71F8-4545-8FD9-E90112BFC5D5}.Release|Any CPU.Build.0 = Release|Any CPU
	EndGlobalSection
	GlobalSection(SolutionProperties) = preSolution
		HideSolutionNode = FALSE
	EndGlobalSection
	GlobalSection(ExtensibilityGlobals) = postSolution
		SolutionGuid = {3A51F10B-BF75-4045-A643-54A9F6829C03}
	EndGlobalSection
EndGlobal
